
Microsoft Visual Studio Solution File, Format Version 12.00
# Visual Studio 15
VisualStudioVersion = 15.0.28307.168
MinimumVisualStudioVersion = 10.0.40219.1
Project("{8BC9CEB8-8B4A-11D0-8D11-00A0C91BC942}") = "boxpp", "boxpp\boxpp.vcxproj", "{8D4527B8-BBE6-4A45-8978-BE7DEE89D47C}"
EndProject
Project("{8BC9CEB8-8B4A-11D0-8D11-00A0C91BC942}") = "test", "test\test.vcxproj", "{EF52A364-905E-401A-88F4-456DB3813944}"
	ProjectSection(ProjectDependencies) = postProject
		{8D4527B8-BBE6-4A45-8978-BE7DEE89D47C} = {8D4527B8-BBE6-4A45-8978-BE7DEE89D47C}
	EndProjectSection
EndProject
Project("{8BC9CEB8-8B4A-11D0-8D11-00A0C91BC942}") = "test-w32", "test-w32\test-w32.vcxproj", "{193B1EBD-8605-4EF4-A2CA-2DDCBEA3F2BA}"
	ProjectSection(ProjectDependencies) = postProject
		{8D4527B8-BBE6-4A45-8978-BE7DEE89D47C} = {8D4527B8-BBE6-4A45-8978-BE7DEE89D47C}
	EndProjectSection
EndProject
Project("{8BC9CEB8-8B4A-11D0-8D11-00A0C91BC942}") = "boxpp-rt", "boxpp-rt\boxpp-rt.vcxproj", "{53E7FEDC-8F80-4168-A84C-BFC62D72EFD9}"
EndProject
Global
	GlobalSection(SolutionConfigurationPlatforms) = preSolution
		Debug|x64 = Debug|x64
		Debug|x86 = Debug|x86
		Release|x64 = Release|x64
		Release|x86 = Release|x86
	EndGlobalSection
	GlobalSection(ProjectConfigurationPlatforms) = postSolution
		{8D4527B8-BBE6-4A45-8978-BE7DEE89D47C}.Debug|x64.ActiveCfg = Debug|x64
		{8D4527B8-BBE6-4A45-8978-BE7DEE89D47C}.Debug|x64.Build.0 = Debug|x64
		{8D4527B8-BBE6-4A45-8978-BE7DEE89D47C}.Debug|x86.ActiveCfg = Debug|Win32
		{8D4527B8-BBE6-4A45-8978-BE7DEE89D47C}.Debug|x86.Build.0 = Debug|Win32
		{8D4527B8-BBE6-4A45-8978-BE7DEE89D47C}.Release|x64.ActiveCfg = Release|x64
		{8D4527B8-BBE6-4A45-8978-BE7DEE89D47C}.Release|x64.Build.0 = Release|x64
		{8D4527B8-BBE6-4A45-8978-BE7DEE89D47C}.Release|x86.ActiveCfg = Release|Win32
		{8D4527B8-BBE6-4A45-8978-BE7DEE89D47C}.Release|x86.Build.0 = Release|Win32
		{EF52A364-905E-401A-88F4-456DB3813944}.Debug|x64.ActiveCfg = Debug|x64
		{EF52A364-905E-401A-88F4-456DB3813944}.Debug|x64.Build.0 = Debug|x64
		{EF52A364-905E-401A-88F4-456DB3813944}.Debug|x86.ActiveCfg = Debug|Win32
		{EF52A364-905E-401A-88F4-456DB3813944}.Debug|x86.Build.0 = Debug|Win32
		{EF52A364-905E-401A-88F4-456DB3813944}.Release|x64.ActiveCfg = Release|x64
		{EF52A364-905E-401A-88F4-456DB3813944}.Release|x64.Build.0 = Release|x64
		{EF52A364-905E-401A-88F4-456DB3813944}.Release|x86.ActiveCfg = Release|Win32
		{EF52A364-905E-401A-88F4-456DB3813944}.Release|x86.Build.0 = Release|Win32
		{193B1EBD-8605-4EF4-A2CA-2DDCBEA3F2BA}.Debug|x64.ActiveCfg = Debug|x64
		{193B1EBD-8605-4EF4-A2CA-2DDCBEA3F2BA}.Debug|x64.Build.0 = Debug|x64
		{193B1EBD-8605-4EF4-A2CA-2DDCBEA3F2BA}.Debug|x86.ActiveCfg = Debug|Win32
		{193B1EBD-8605-4EF4-A2CA-2DDCBEA3F2BA}.Debug|x86.Build.0 = Debug|Win32
		{193B1EBD-8605-4EF4-A2CA-2DDCBEA3F2BA}.Release|x64.ActiveCfg = Release|x64
		{193B1EBD-8605-4EF4-A2CA-2DDCBEA3F2BA}.Release|x64.Build.0 = Release|x64
		{193B1EBD-8605-4EF4-A2CA-2DDCBEA3F2BA}.Release|x86.ActiveCfg = Release|Win32
		{193B1EBD-8605-4EF4-A2CA-2DDCBEA3F2BA}.Release|x86.Build.0 = Release|Win32
		{53E7FEDC-8F80-4168-A84C-BFC62D72EFD9}.Debug|x64.ActiveCfg = Debug|x64
		{53E7FEDC-8F80-4168-A84C-BFC62D72EFD9}.Debug|x64.Build.0 = Debug|x64
		{53E7FEDC-8F80-4168-A84C-BFC62D72EFD9}.Debug|x86.ActiveCfg = Debug|Win32
		{53E7FEDC-8F80-4168-A84C-BFC62D72EFD9}.Debug|x86.Build.0 = Debug|Win32
		{53E7FEDC-8F80-4168-A84C-BFC62D72EFD9}.Release|x64.ActiveCfg = Release|x64
		{53E7FEDC-8F80-4168-A84C-BFC62D72EFD9}.Release|x64.Build.0 = Release|x64
		{53E7FEDC-8F80-4168-A84C-BFC62D72EFD9}.Release|x86.ActiveCfg = Release|Win32
		{53E7FEDC-8F80-4168-A84C-BFC62D72EFD9}.Release|x86.Build.0 = Release|Win32
	EndGlobalSection
	GlobalSection(SolutionProperties) = preSolution
		HideSolutionNode = FALSE
	EndGlobalSection
	GlobalSection(ExtensibilityGlobals) = postSolution
		SolutionGuid = {5F0560D1-7321-46F0-B871-47B5027A8CC0}
	EndGlobalSection
EndGlobal
