<?xml version="1.0" encoding="utf-8"?>
<Project ToolsVersion="4.0" xmlns="http://schemas.microsoft.com/developer/msbuild/2003">
  <ItemGroup>
    <Filter Include="boxpp">
      <UniqueIdentifier>{0d8f6045-e367-44d2-a2f1-18802d41e598}</UniqueIdentifier>
    </Filter>
    <Filter Include="boxpp\hints">
      <UniqueIdentifier>{040ff7fb-c05a-40ee-a572-af15d90dae4f}</UniqueIdentifier>
    </Filter>
    <Filter Include="boxpp\module">
      <UniqueIdentifier>{d9f8b63e-62be-4088-bf75-a9ec31d676f3}</UniqueIdentifier>
    </Filter>
    <Filter Include="boxpp\core">
      <UniqueIdentifier>{7a348f04-b377-4251-9d62-3463a12fd253}</UniqueIdentifier>
    </Filter>
  </ItemGroup>
  <ItemGroup>
    <ClInclude Include="boxpp\Base.hpp">
      <Filter>boxpp</Filter>
    </ClInclude>
    <ClInclude Include="boxpp.hpp" />
    <ClInclude Include="boxpp\Version.hpp">
      <Filter>boxpp</Filter>
    </ClInclude>
    <ClInclude Include="boxpp\hints\windows.hpp">
      <Filter>boxpp\hints</Filter>
    </ClInclude>
    <ClInclude Include="boxpp\Boilerplate.hpp">
      <Filter>boxpp</Filter>
    </ClInclude>
    <ClInclude Include="boxpp\Normalize.hpp">
      <Filter>boxpp</Filter>
    </ClInclude>
    <ClInclude Include="boxpp\BaseTypes.hpp">
      <Filter>boxpp</Filter>
    </ClInclude>
    <ClInclude Include="boxpp\core\Threading.hpp">
      <Filter>boxpp\core</Filter>
    </ClInclude>
    <ClInclude Include="boxpp\core\Threaded.hpp">
      <Filter>boxpp\core</Filter>
    </ClInclude>
    <ClInclude Include="boxpp\core\Barrior.hpp">
      <Filter>boxpp\core</Filter>
    </ClInclude>
    <ClInclude Include="boxpp\core\RawEvent.hpp">
      <Filter>boxpp\core</Filter>
    </ClInclude>
    <ClInclude Include="boxpp\module\Module.hpp">
      <Filter>boxpp\module</Filter>
    </ClInclude>
    <ClInclude Include="boxpp\module\ModuleManager.hpp">
      <Filter>boxpp\module</Filter>
    </ClInclude>
    <ClInclude Include="boxpp\core\Name.hpp">
      <Filter>boxpp\core</Filter>
    </ClInclude>
    <ClInclude Include="boxpp\core\Logging.hpp">
      <Filter>boxpp\core</Filter>
    </ClInclude>
    <ClInclude Include="boxpp\hints\vsprintf.hpp">
      <Filter>boxpp\hints</Filter>
    </ClInclude>
    <ClInclude Include="boxpp\core\Debugger.hpp">
      <Filter>boxpp\core</Filter>
    </ClInclude>
    <ClInclude Include="boxpp\hints\posix.hpp">
      <Filter>boxpp\hints</Filter>
    </ClInclude>
    <ClInclude Include="boxpp\core\Application.hpp">
      <Filter>boxpp\core</Filter>
    </ClInclude>
    <ClInclude Include="boxpp\core\ApplicationLoop.hpp">
      <Filter>boxpp\core</Filter>
    </ClInclude>
  </ItemGroup>
  <ItemGroup>
    <ClCompile Include="boxpp\Boilerplate.cpp">
      <Filter>boxpp</Filter>
    </ClCompile>
    <ClCompile Include="boxpp\core\Threading.cpp">
      <Filter>boxpp\core</Filter>
    </ClCompile>
    <ClCompile Include="boxpp\core\Threaded.cpp">
      <Filter>boxpp\core</Filter>
    </ClCompile>
    <ClCompile Include="boxpp\module\ModuleManager.cpp">
      <Filter>boxpp\module</Filter>
    </ClCompile>
    <ClCompile Include="boxpp\core\Logging.cpp">
      <Filter>boxpp\core</Filter>
    </ClCompile>
    <ClCompile Include="boxpp\core\Debugger.cpp">
      <Filter>boxpp\core</Filter>
    </ClCompile>
    <ClCompile Include="Modules.cpp" />
    <ClCompile Include="boxpp\core\Application.cpp">
      <Filter>boxpp\core</Filter>
    </ClCompile>
    <ClCompile Include="boxpp\core\ApplicationLoop.cpp">
      <Filter>boxpp\core</Filter>
    </ClCompile>
  </ItemGroup>
  <ItemGroup>
    <None Include="cpp.hint" />
  </ItemGroup>
</Project>