<?xml version="1.0" encoding="utf-8"?>
<Project ToolsVersion="4.0" xmlns="http://schemas.microsoft.com/developer/msbuild/2003">
  <ItemGroup>
    <ClCompile Include="boxjs.cpp" />
    <ClCompile Include="duktape\duktape.c">
      <Filter>duktape</Filter>
    </ClCompile>
    <ClCompile Include="DukContext.cpp" />
    <ClCompile Include="DukFunction.cpp" />
  </ItemGroup>
  <ItemGroup>
    <ClInclude Include="Boxjs.hpp" />
    <ClInclude Include="duktape\duktape.h">
      <Filter>duktape</Filter>
    </ClInclude>
    <ClInclude Include="duktape\duk_config.h">
      <Filter>duktape</Filter>
    </ClInclude>
    <ClInclude Include="DukContext.hpp" />
    <ClInclude Include="DukFunction.hpp" />
  </ItemGroup>
  <ItemGroup>
    <Filter Include="duktape">
      <UniqueIdentifier>{9fe62c1c-4f7a-4c52-b819-9a4db6f7f1d4}</UniqueIdentifier>
    </Filter>
  </ItemGroup>
</Project>