<?xml version="1.0" encoding="utf-8"?>
<Project ToolsVersion="4.0" xmlns="http://schemas.microsoft.com/developer/msbuild/2003">
  <ItemGroup>
    <ClInclude Include="3rd-parties\duktape.h">
      <Filter>3rd-parties</Filter>
    </ClInclude>
    <ClInclude Include="3rd-parties\duk_config.h">
      <Filter>3rd-parties</Filter>
    </ClInclude>
    <ClInclude Include="Context.hpp" />
    <ClInclude Include="3rd-parties\Duktape.hpp">
      <Filter>3rd-parties</Filter>
    </ClInclude>
    <ClInclude Include="Console.hpp" />
  </ItemGroup>
  <ItemGroup>
    <Filter Include="3rd-parties">
      <UniqueIdentifier>{f7cd0209-7c61-4845-95a3-0b74681daa50}</UniqueIdentifier>
    </Filter>
  </ItemGroup>
  <ItemGroup>
    <ClCompile Include="3rd-parties\duktape.c">
      <Filter>3rd-parties</Filter>
    </ClCompile>
    <ClCompile Include="main.cpp" />
    <ClCompile Include="Context.cpp" />
    <ClCompile Include="Console.cpp" />
  </ItemGroup>
</Project>