<?xml version="1.0" encoding="utf-8"?>
<Project ToolsVersion="4.0" xmlns="http://schemas.microsoft.com/developer/msbuild/2003">
  <ItemGroup>
    <Filter Include="boxpp">
      <UniqueIdentifier>{914f95b9-d2e5-4c96-8c7c-c708328b3638}</UniqueIdentifier>
    </Filter>
    <Filter Include="boxpp\base">
      <UniqueIdentifier>{c8cd4f7b-4cca-49d1-a33b-59720a8a8fea}</UniqueIdentifier>
    </Filter>
    <Filter Include="boxpp\base\tpls">
      <UniqueIdentifier>{dd57262f-0aaa-413b-9fcd-9dc8affc1d50}</UniqueIdentifier>
    </Filter>
    <Filter Include="boxpp\base\tpls\traits">
      <UniqueIdentifier>{3fc48930-a2e5-418c-b4f3-297e50d7d679}</UniqueIdentifier>
    </Filter>
    <Filter Include="boxpp\base\tpls\shareds">
      <UniqueIdentifier>{c97adb18-e6d9-4090-9ee2-ecc0c15b33a5}</UniqueIdentifier>
    </Filter>
    <Filter Include="boxpp\base\tpls\containers">
      <UniqueIdentifier>{1876d1f0-aa6c-4b66-a033-45da4a2b81cf}</UniqueIdentifier>
    </Filter>
    <Filter Include="boxpp\base\tpls\containers\algorithms">
      <UniqueIdentifier>{e79155ab-2125-4223-bf6b-cd38d9dd0a13}</UniqueIdentifier>
    </Filter>
    <Filter Include="boxpp\base\opacities">
      <UniqueIdentifier>{cd0b4be2-c75b-4310-83d2-b1d062bbf973}</UniqueIdentifier>
    </Filter>
    <Filter Include="boxpp\base\tpls\strings">
      <UniqueIdentifier>{574fd315-14ef-401e-8e7e-cc74a42134ad}</UniqueIdentifier>
    </Filter>
    <Filter Include="boxpp\base\boilerplates">
      <UniqueIdentifier>{ae87e76f-6894-42de-8d7d-a27ff323ab2d}</UniqueIdentifier>
    </Filter>
    <Filter Include="boxpp\base\systems">
      <UniqueIdentifier>{e177227d-9970-4a23-9f92-90447062d6da}</UniqueIdentifier>
    </Filter>
    <Filter Include="boxpp\base\utilities">
      <UniqueIdentifier>{ce3ab985-46f7-4c47-a27a-eecfb6a481f9}</UniqueIdentifier>
    </Filter>
    <Filter Include="boxpp\base\mathematics">
      <UniqueIdentifier>{f58fa12b-9a77-40fc-80fd-9380890219cf}</UniqueIdentifier>
    </Filter>
    <Filter Include="boxpp\core">
      <UniqueIdentifier>{e8d39c79-dafc-4948-883a-66a53483d30c}</UniqueIdentifier>
    </Filter>
    <Filter Include="boxpp\base\network">
      <UniqueIdentifier>{22f0ce57-d1f5-49a8-9d6f-7cfab4fa1925}</UniqueIdentifier>
    </Filter>
    <Filter Include="boxpp\base\tpls\pools">
      <UniqueIdentifier>{4a325e24-78de-4069-b9e5-6f1867a94f70}</UniqueIdentifier>
    </Filter>
    <Filter Include="boxpp\base\streams">
      <UniqueIdentifier>{79e3b880-5c3d-4007-bea1-5db7f2d32e4e}</UniqueIdentifier>
    </Filter>
    <Filter Include="boxpp\base\ipc">
      <UniqueIdentifier>{52df9165-1f70-44f6-8b1a-e2170e507f4e}</UniqueIdentifier>
    </Filter>
    <Filter Include="boxpp\base\network\wrappers">
      <UniqueIdentifier>{19a6a15d-eb63-4cc0-8c6e-a232c52ff32f}</UniqueIdentifier>
    </Filter>
    <Filter Include="boxpp\base\ipc\windows">
      <UniqueIdentifier>{0f6786da-29de-4904-9d2c-fcf0f16333db}</UniqueIdentifier>
    </Filter>
    <Filter Include="boxpp\base\ipc\unix">
      <UniqueIdentifier>{2d470b89-ef3a-4bbf-a78d-c370b48df878}</UniqueIdentifier>
    </Filter>
    <Filter Include="boxpp\base\cryptography">
      <UniqueIdentifier>{88b6444b-125d-4b87-891c-e934eafd8189}</UniqueIdentifier>
    </Filter>
    <Filter Include="boxpp\base\cryptography\internals">
      <UniqueIdentifier>{e5eaa09d-1dee-4dc2-becd-79184e65c305}</UniqueIdentifier>
    </Filter>
  </ItemGroup>
  <ItemGroup>
    <ClInclude Include="boxpp\base\BaseTypes.hpp">
      <Filter>boxpp\base</Filter>
    </ClInclude>
    <ClInclude Include="boxpp\base\BaseMacros.hpp">
      <Filter>boxpp\base</Filter>
    </ClInclude>
    <ClInclude Include="boxpp\base\tpls\BaseTraits.hpp">
      <Filter>boxpp\base\tpls</Filter>
    </ClInclude>
    <ClInclude Include="boxpp\base\tpls\traits\AbstractedOperators.hpp">
      <Filter>boxpp\base\tpls\traits</Filter>
    </ClInclude>
    <ClInclude Include="boxpp\base\tpls\traits\BypassType.hpp">
      <Filter>boxpp\base\tpls\traits</Filter>
    </ClInclude>
    <ClInclude Include="boxpp\base\tpls\traits\DecayConst.hpp">
      <Filter>boxpp\base\tpls\traits</Filter>
    </ClInclude>
    <ClInclude Include="boxpp\base\tpls\traits\DecayRef.hpp">
      <Filter>boxpp\base\tpls\traits</Filter>
    </ClInclude>
    <ClInclude Include="boxpp\base\tpls\traits\EnableIf.hpp">
      <Filter>boxpp\base\tpls\traits</Filter>
    </ClInclude>
    <ClInclude Include="boxpp\base\tpls\traits\Forward.hpp">
      <Filter>boxpp\base\tpls\traits</Filter>
    </ClInclude>
    <ClInclude Include="boxpp\base\tpls\traits\IsCallableType.hpp">
      <Filter>boxpp\base\tpls\traits</Filter>
    </ClInclude>
    <ClInclude Include="boxpp\base\tpls\traits\IsConstructibleType.hpp">
      <Filter>boxpp\base\tpls\traits</Filter>
    </ClInclude>
    <ClInclude Include="boxpp\base\tpls\traits\IsConvertibleType.hpp">
      <Filter>boxpp\base\tpls\traits</Filter>
    </ClInclude>
    <ClInclude Include="boxpp\base\tpls\traits\IsDerivedType.hpp">
      <Filter>boxpp\base\tpls\traits</Filter>
    </ClInclude>
    <ClInclude Include="boxpp\base\tpls\traits\IsPodType.hpp">
      <Filter>boxpp\base\tpls\traits</Filter>
    </ClInclude>
    <ClInclude Include="boxpp\base\tpls\traits\IsReferenceType.hpp">
      <Filter>boxpp\base\tpls\traits</Filter>
    </ClInclude>
    <ClInclude Include="boxpp\base\tpls\traits\IsSameType.hpp">
      <Filter>boxpp\base\tpls\traits</Filter>
    </ClInclude>
    <ClInclude Include="boxpp\base\tpls\traits\Movable.hpp">
      <Filter>boxpp\base\tpls\traits</Filter>
    </ClInclude>
    <ClInclude Include="boxpp\base\tpls\traits\PickType.hpp">
      <Filter>boxpp\base\tpls\traits</Filter>
    </ClInclude>
    <ClInclude Include="boxpp\base\tpls\sharedptrs\SharedCount.hpp">
      <Filter>boxpp\base\tpls\shareds</Filter>
    </ClInclude>
    <ClInclude Include="boxpp\base\tpls\sharedptrs\SharedHolder.hpp">
      <Filter>boxpp\base\tpls\shareds</Filter>
    </ClInclude>
    <ClInclude Include="boxpp\base\tpls\sharedptrs\SharedPtr.hpp">
      <Filter>boxpp\base\tpls\shareds</Filter>
    </ClInclude>
    <ClInclude Include="boxpp\base\tpls\containers\Array.hpp">
      <Filter>boxpp\base\tpls\containers</Filter>
    </ClInclude>
    <ClInclude Include="boxpp\base\tpls\containers\ArrayBase.hpp">
      <Filter>boxpp\base\tpls\containers</Filter>
    </ClInclude>
    <ClInclude Include="boxpp\base\tpls\containers\Callback.hpp">
      <Filter>boxpp\base\tpls\containers</Filter>
    </ClInclude>
    <ClInclude Include="boxpp\base\tpls\containers\Comparator.hpp">
      <Filter>boxpp\base\tpls\containers</Filter>
    </ClInclude>
    <ClInclude Include="boxpp\base\tpls\containers\EdgeBase.hpp">
      <Filter>boxpp\base\tpls\containers</Filter>
    </ClInclude>
    <ClInclude Include="boxpp\base\tpls\containers\Function.hpp">
      <Filter>boxpp\base\tpls\containers</Filter>
    </ClInclude>
    <ClInclude Include="boxpp\base\tpls\containers\Instrusive.hpp">
      <Filter>boxpp\base\tpls\containers</Filter>
    </ClInclude>
    <ClInclude Include="boxpp\base\tpls\containers\Iterator.hpp">
      <Filter>boxpp\base\tpls\containers</Filter>
    </ClInclude>
    <ClInclude Include="boxpp\base\tpls\containers\LinkedList.hpp">
      <Filter>boxpp\base\tpls\containers</Filter>
    </ClInclude>
    <ClInclude Include="boxpp\base\tpls\containers\Map.hpp">
      <Filter>boxpp\base\tpls\containers</Filter>
    </ClInclude>
    <ClInclude Include="boxpp\base\tpls\containers\Method.hpp">
      <Filter>boxpp\base\tpls\containers</Filter>
    </ClInclude>
    <ClInclude Include="boxpp\base\tpls\containers\Node.hpp">
      <Filter>boxpp\base\tpls\containers</Filter>
    </ClInclude>
    <ClInclude Include="boxpp\base\tpls\containers\Queue.hpp">
      <Filter>boxpp\base\tpls\containers</Filter>
    </ClInclude>
    <ClInclude Include="boxpp\base\tpls\containers\SingleNode.hpp">
      <Filter>boxpp\base\tpls\containers</Filter>
    </ClInclude>
    <ClInclude Include="boxpp\base\tpls\containers\SortedArray.hpp">
      <Filter>boxpp\base\tpls\containers</Filter>
    </ClInclude>
    <ClInclude Include="boxpp\base\tpls\containers\Stack.hpp">
      <Filter>boxpp\base\tpls\containers</Filter>
    </ClInclude>
    <ClInclude Include="boxpp\base\tpls\containers\algorithms\BinarySearch.hpp">
      <Filter>boxpp\base\tpls\containers\algorithms</Filter>
    </ClInclude>
    <ClInclude Include="boxpp\base\tpls\containers\algorithms\HeapSort.hpp">
      <Filter>boxpp\base\tpls\containers\algorithms</Filter>
    </ClInclude>
    <ClInclude Include="boxpp\base\opacities\posix.hpp">
      <Filter>boxpp\base\opacities</Filter>
    </ClInclude>
    <ClInclude Include="boxpp\base\opacities\vsprintf.hpp">
      <Filter>boxpp\base\opacities</Filter>
    </ClInclude>
    <ClInclude Include="boxpp\base\opacities\windows.hpp">
      <Filter>boxpp\base\opacities</Filter>
    </ClInclude>
    <ClInclude Include="boxpp\base\tpls\strings\Constants.hpp">
      <Filter>boxpp\base\tpls\strings</Filter>
    </ClInclude>
    <ClInclude Include="boxpp\base\tpls\strings\Converter.hpp">
      <Filter>boxpp\base\tpls\strings</Filter>
    </ClInclude>
    <ClInclude Include="boxpp\base\tpls\strings\Operations.hpp">
      <Filter>boxpp\base\tpls\strings</Filter>
    </ClInclude>
    <ClInclude Include="boxpp\base\tpls\strings\String.hpp">
      <Filter>boxpp\base\tpls\strings</Filter>
    </ClInclude>
    <ClInclude Include="boxpp\base\Base.hpp">
      <Filter>boxpp\base</Filter>
    </ClInclude>
    <ClInclude Include="boxpp\base\boilerplates\Memory.hpp">
      <Filter>boxpp\base\boilerplates</Filter>
    </ClInclude>
    <ClInclude Include="boxpp\base\systems\Debugger.hpp">
      <Filter>boxpp\base\systems</Filter>
    </ClInclude>
    <ClInclude Include="boxpp\base\utilities\DateTime.hpp">
      <Filter>boxpp\base\utilities</Filter>
    </ClInclude>
    <ClInclude Include="boxpp\base\utilities\TimeSpan.hpp">
      <Filter>boxpp\base\utilities</Filter>
    </ClInclude>
    <ClInclude Include="boxpp\base\systems\Library.hpp">
      <Filter>boxpp\base\systems</Filter>
    </ClInclude>
    <ClInclude Include="boxpp\base\systems\RawEvent.hpp">
      <Filter>boxpp\base\systems</Filter>
    </ClInclude>
    <ClInclude Include="boxpp\base\systems\Barrior.hpp">
      <Filter>boxpp\base\systems</Filter>
    </ClInclude>
    <ClInclude Include="boxpp\base\systems\Threaded.hpp">
      <Filter>boxpp\base\systems</Filter>
    </ClInclude>
    <ClInclude Include="boxpp\base\systems\RawTls.hpp">
      <Filter>boxpp\base\systems</Filter>
    </ClInclude>
    <ClInclude Include="boxpp\base\utilities\Name.hpp">
      <Filter>boxpp\base\utilities</Filter>
    </ClInclude>
    <ClInclude Include="boxpp\base\tpls\traits\IsNumericType.hpp">
      <Filter>boxpp\base\tpls\traits</Filter>
    </ClInclude>
    <ClInclude Include="boxpp\base\mathematics\BaseMath.hpp">
      <Filter>boxpp\base\mathematics</Filter>
    </ClInclude>
    <ClInclude Include="boxpp\base\mathematics\Vector.hpp">
      <Filter>boxpp\base\mathematics</Filter>
    </ClInclude>
    <ClInclude Include="boxpp\base\mathematics\Rectangle.hpp">
      <Filter>boxpp\base\mathematics</Filter>
    </ClInclude>
    <ClInclude Include="boxpp\base\systems\AtomicBarrior.hpp">
      <Filter>boxpp\base\systems</Filter>
    </ClInclude>
    <ClInclude Include="boxpp\base\network\IPAddress.hpp">
      <Filter>boxpp\base\network</Filter>
    </ClInclude>
    <ClInclude Include="boxpp\base\network\Socket.hpp">
      <Filter>boxpp\base\network</Filter>
    </ClInclude>
    <ClInclude Include="boxpp\base\network\SocketLayer.hpp">
      <Filter>boxpp\base\network</Filter>
    </ClInclude>
    <ClInclude Include="boxpp\base\tpls\pools\Mempool.h">
      <Filter>boxpp\base\tpls\pools</Filter>
    </ClInclude>
    <ClInclude Include="boxpp\base\network\IPAddressV6.hpp">
      <Filter>boxpp\base\network</Filter>
    </ClInclude>
    <ClInclude Include="boxpp\base\network\IPEndpoint.hpp">
      <Filter>boxpp\base\network</Filter>
    </ClInclude>
    <ClInclude Include="boxpp\base\streams\Stream.hpp">
      <Filter>boxpp\base\streams</Filter>
    </ClInclude>
    <ClInclude Include="boxpp\base\streams\FileStream.hpp">
      <Filter>boxpp\base\streams</Filter>
    </ClInclude>
    <ClInclude Include="boxpp\base\BaseNetwork.hpp">
      <Filter>boxpp\base</Filter>
    </ClInclude>
    <ClInclude Include="boxpp\base\BaseMath.hpp">
      <Filter>boxpp\base</Filter>
    </ClInclude>
    <ClInclude Include="boxpp\base\streams\MemoryStream.hpp">
      <Filter>boxpp\base\streams</Filter>
    </ClInclude>
    <ClInclude Include="boxpp\base\streams\BufferedStream.hpp">
      <Filter>boxpp\base\streams</Filter>
    </ClInclude>
    <ClInclude Include="boxpp\base\ipc\IpcServer.hpp">
      <Filter>boxpp\base\ipc</Filter>
    </ClInclude>
    <ClInclude Include="boxpp\base\ipc\IpcClient.hpp">
      <Filter>boxpp\base\ipc</Filter>
    </ClInclude>
    <ClInclude Include="boxpp\base\network\wrappers\TcpListener.hpp">
      <Filter>boxpp\base\network\wrappers</Filter>
    </ClInclude>
    <ClInclude Include="boxpp\base\network\wrappers\TcpClient.hpp">
      <Filter>boxpp\base\network\wrappers</Filter>
    </ClInclude>
    <ClInclude Include="boxpp\base\cryptography\internals\Djb-2.hpp">
      <Filter>boxpp\base\cryptography\internals</Filter>
    </ClInclude>
    <ClInclude Include="boxpp\base\ipc\windows\IpcServer_Windows.hpp">
      <Filter>boxpp\base\ipc\windows</Filter>
    </ClInclude>
    <ClInclude Include="boxpp\base\ipc\windows\IpcMakePipeName.hpp">
      <Filter>boxpp\base\ipc\windows</Filter>
    </ClInclude>
    <ClInclude Include="boxpp\base\ipc\windows\IpcClient_Windows.hpp">
      <Filter>boxpp\base\ipc\windows</Filter>
    </ClInclude>
    <ClInclude Include="boxpp\base\ipc\unix\IpcServer_Unix.hpp">
      <Filter>boxpp\base\ipc\unix</Filter>
    </ClInclude>
    <ClInclude Include="boxpp\base\ipc\unix\IpcClient_Unix.hpp">
      <Filter>boxpp\base\ipc\unix</Filter>
    </ClInclude>
    <ClInclude Include="boxpp\base\ipc\unix\IpcEnsureDirectory.hpp">
      <Filter>boxpp\base\ipc\unix</Filter>
    </ClInclude>
  </ItemGroup>
  <ItemGroup>
    <Text Include="boxpp\base\README.md">
      <Filter>boxpp\base</Filter>
    </Text>
  </ItemGroup>
  <ItemGroup>
    <ClCompile Include="boxpp\base\boilerplates\Memory.cpp">
      <Filter>boxpp\base\boilerplates</Filter>
    </ClCompile>
    <ClCompile Include="boxpp\base\systems\Debugger.cpp">
      <Filter>boxpp\base\systems</Filter>
    </ClCompile>
    <ClCompile Include="boxpp\base\systems\Minidump.cpp">
      <Filter>boxpp\base\systems</Filter>
    </ClCompile>
    <ClCompile Include="boxpp\base\systems\Threaded.cpp">
      <Filter>boxpp\base\systems</Filter>
    </ClCompile>
    <ClCompile Include="boxpp\base\network\IPAddress.cpp">
      <Filter>boxpp\base\network</Filter>
    </ClCompile>
    <ClCompile Include="boxpp\base\network\Socket.cpp">
      <Filter>boxpp\base\network</Filter>
    </ClCompile>
    <ClCompile Include="boxpp\base\network\SocketLayer.cpp">
      <Filter>boxpp\base\network</Filter>
    </ClCompile>
    <ClCompile Include="boxpp\base\network\IPAddressV6.cpp">
      <Filter>boxpp\base\network</Filter>
    </ClCompile>
    <ClCompile Include="boxpp\base\streams\FileStream.cpp">
      <Filter>boxpp\base\streams</Filter>
    </ClCompile>
    <ClCompile Include="boxpp\base\streams\MemoryStream.cpp">
      <Filter>boxpp\base\streams</Filter>
    </ClCompile>
    <ClCompile Include="boxpp\base\streams\Stream.cpp">
      <Filter>boxpp\base\streams</Filter>
    </ClCompile>
    <ClCompile Include="boxpp\base\streams\BufferedStream.cpp">
      <Filter>boxpp\base\streams</Filter>
    </ClCompile>
    <ClCompile Include="boxpp\base\network\wrappers\TcpListener.cpp">
      <Filter>boxpp\base\network\wrappers</Filter>
    </ClCompile>
    <ClCompile Include="boxpp\base\network\wrappers\TcpClient.cpp">
      <Filter>boxpp\base\network\wrappers</Filter>
    </ClCompile>
    <ClCompile Include="boxpp\base\ipc\windows\IpcServer_Windows.cpp">
      <Filter>boxpp\base\ipc\windows</Filter>
    </ClCompile>
    <ClCompile Include="boxpp\base\ipc\IpcServer.cpp">
      <Filter>boxpp\base\ipc</Filter>
    </ClCompile>
    <ClCompile Include="boxpp\base\ipc\windows\IpcClient_Windows.cpp">
      <Filter>boxpp\base\ipc\windows</Filter>
    </ClCompile>
    <ClCompile Include="boxpp\base\ipc\IpcClient.cpp">
      <Filter>boxpp\base\ipc</Filter>
    </ClCompile>
    <ClCompile Include="boxpp\base\ipc\unix\IpcServer_Unix.cpp">
      <Filter>boxpp\base\ipc\unix</Filter>
    </ClCompile>
    <ClCompile Include="boxpp\base\ipc\unix\IpcClient_Unix.cpp">
      <Filter>boxpp\base\ipc\unix</Filter>
    </ClCompile>
  </ItemGroup>
  <ItemGroup>
    <None Include="boxpp\core\README.md">
      <Filter>boxpp\core</Filter>
    </None>
    <None Include="boxpp\base\network\ReadMe.md">
      <Filter>boxpp\base\network</Filter>
    </None>
  </ItemGroup>
</Project>