<?xml version="1.0" encoding="utf-8"?>
<Project ToolsVersion="4.0" xmlns="http://schemas.microsoft.com/developer/msbuild/2003">
  <ItemGroup>
    <Filter Include="boxpp">
      <UniqueIdentifier>{ef0937d6-c2b0-417c-a15e-b2fad537b547}</UniqueIdentifier>
    </Filter>
    <Filter Include="boxpp\traits">
      <UniqueIdentifier>{16887d85-cecf-4048-9253-b11c898d4802}</UniqueIdentifier>
    </Filter>
    <Filter Include="boxpp\containers">
      <UniqueIdentifier>{4a5af523-1e2c-4906-9071-7587fef5ba70}</UniqueIdentifier>
    </Filter>
    <Filter Include="boxpp\containers\algorithms">
      <UniqueIdentifier>{897a1140-bd4f-4f82-8f89-93e21de92dae}</UniqueIdentifier>
    </Filter>
    <Filter Include="boxpp\strings">
      <UniqueIdentifier>{af1a41a7-1f8a-4d29-a20b-db417abe6d15}</UniqueIdentifier>
    </Filter>
    <Filter Include="boxpp\sharedptrs">
      <UniqueIdentifier>{03cb9577-19bd-45f3-862e-900852a3939e}</UniqueIdentifier>
    </Filter>
    <Filter Include="boxpp\memory">
      <UniqueIdentifier>{375792bf-7f34-4de5-b9ab-6e09e816655d}</UniqueIdentifier>
    </Filter>
    <Filter Include="boxpp\tuple">
      <UniqueIdentifier>{a93d529f-2a3e-445c-b0b0-184d43ec0142}</UniqueIdentifier>
    </Filter>
  </ItemGroup>
  <ItemGroup>
    <Text Include="README.txt" />
  </ItemGroup>
  <ItemGroup>
    <ClInclude Include="boxpp\traits\IsSameType.hpp">
      <Filter>boxpp\traits</Filter>
    </ClInclude>
    <ClInclude Include="boxpp\BaseTraits.hpp">
      <Filter>boxpp</Filter>
    </ClInclude>
    <ClInclude Include="boxpp\Traits.hpp">
      <Filter>boxpp</Filter>
    </ClInclude>
    <ClInclude Include="boxpp\traits\IsDerivedType.hpp">
      <Filter>boxpp\traits</Filter>
    </ClInclude>
    <ClInclude Include="boxpp\traits\IsConvertibleType.hpp">
      <Filter>boxpp\traits</Filter>
    </ClInclude>
    <ClInclude Include="boxpp\traits\IsConstructibleType.hpp">
      <Filter>boxpp\traits</Filter>
    </ClInclude>
    <ClInclude Include="boxpp\traits\IsPodType.hpp">
      <Filter>boxpp\traits</Filter>
    </ClInclude>
    <ClInclude Include="boxpp\traits\PickType.hpp">
      <Filter>boxpp\traits</Filter>
    </ClInclude>
    <ClInclude Include="boxpp\traits\EnableIf.hpp">
      <Filter>boxpp\traits</Filter>
    </ClInclude>
    <ClInclude Include="boxpp\traits\IsCallableType.hpp">
      <Filter>boxpp\traits</Filter>
    </ClInclude>
    <ClInclude Include="boxpp\traits\Forward.hpp">
      <Filter>boxpp\traits</Filter>
    </ClInclude>
    <ClInclude Include="boxpp\traits\IsReferenceType.hpp">
      <Filter>boxpp\traits</Filter>
    </ClInclude>
    <ClInclude Include="boxpp\traits\DecayRef.hpp">
      <Filter>boxpp\traits</Filter>
    </ClInclude>
    <ClInclude Include="boxpp\traits\DecayConst.hpp">
      <Filter>boxpp\traits</Filter>
    </ClInclude>
    <ClInclude Include="boxpp\traits\Movable.hpp">
      <Filter>boxpp\traits</Filter>
    </ClInclude>
    <ClInclude Include="boxpp\containers\EdgeBase.hpp">
      <Filter>boxpp\containers</Filter>
    </ClInclude>
    <ClInclude Include="boxpp\containers\Iterator.hpp">
      <Filter>boxpp\containers</Filter>
    </ClInclude>
    <ClInclude Include="boxpp\containers\LinkedList.hpp">
      <Filter>boxpp\containers</Filter>
    </ClInclude>
    <ClInclude Include="boxpp\containers\Map.hpp">
      <Filter>boxpp\containers</Filter>
    </ClInclude>
    <ClInclude Include="boxpp\containers\Node.hpp">
      <Filter>boxpp\containers</Filter>
    </ClInclude>
    <ClInclude Include="boxpp\containers\Queue.hpp">
      <Filter>boxpp\containers</Filter>
    </ClInclude>
    <ClInclude Include="boxpp\containers\SingleNode.hpp">
      <Filter>boxpp\containers</Filter>
    </ClInclude>
    <ClInclude Include="boxpp\containers\SortedArray.hpp">
      <Filter>boxpp\containers</Filter>
    </ClInclude>
    <ClInclude Include="boxpp\containers\Stack.hpp">
      <Filter>boxpp\containers</Filter>
    </ClInclude>
    <ClInclude Include="boxpp\containers\Array.hpp">
      <Filter>boxpp\containers</Filter>
    </ClInclude>
    <ClInclude Include="boxpp\containers\ArrayBase.hpp">
      <Filter>boxpp\containers</Filter>
    </ClInclude>
    <ClInclude Include="boxpp\containers\algorithms\BinarySearch.hpp">
      <Filter>boxpp\containers\algorithms</Filter>
    </ClInclude>
    <ClInclude Include="boxpp\containers\algorithms\HeapSort.hpp">
      <Filter>boxpp\containers\algorithms</Filter>
    </ClInclude>
    <ClInclude Include="boxpp\traits\AbstractedOperators.hpp">
      <Filter>boxpp\traits</Filter>
    </ClInclude>
    <ClInclude Include="boxpp\containers\Comparator.hpp">
      <Filter>boxpp\containers</Filter>
    </ClInclude>
    <ClInclude Include="boxpp\String.hpp">
      <Filter>boxpp</Filter>
    </ClInclude>
    <ClInclude Include="boxpp\strings\Constants.hpp">
      <Filter>boxpp\strings</Filter>
    </ClInclude>
    <ClInclude Include="boxpp\strings\Operations.hpp">
      <Filter>boxpp\strings</Filter>
    </ClInclude>
    <ClInclude Include="boxpp\strings\Converter.hpp">
      <Filter>boxpp\strings</Filter>
    </ClInclude>
    <ClInclude Include="boxpp\strings\UtfTypes.hpp">
      <Filter>boxpp\strings</Filter>
    </ClInclude>
    <ClInclude Include="boxpp\containers\Instrusive.hpp">
      <Filter>boxpp\containers</Filter>
    </ClInclude>
    <ClInclude Include="boxpp\containers\Function.hpp">
      <Filter>boxpp\containers</Filter>
    </ClInclude>
    <ClInclude Include="boxpp\Containers.hpp">
      <Filter>boxpp</Filter>
    </ClInclude>
    <ClInclude Include="boxpp\sharedptrs\BroadcastedObject.hpp">
      <Filter>boxpp\sharedptrs</Filter>
    </ClInclude>
    <ClInclude Include="boxpp\sharedptrs\SharedCount.hpp">
      <Filter>boxpp\sharedptrs</Filter>
    </ClInclude>
    <ClInclude Include="boxpp\sharedptrs\SharedHolder.hpp">
      <Filter>boxpp\sharedptrs</Filter>
    </ClInclude>
    <ClInclude Include="boxpp\sharedptrs\SharedPtr.hpp">
      <Filter>boxpp\sharedptrs</Filter>
    </ClInclude>
    <ClInclude Include="boxpp\SharedPtr.hpp">
      <Filter>boxpp</Filter>
    </ClInclude>
    <ClInclude Include="boxpp\memory\MemoryPool.hpp">
      <Filter>boxpp\memory</Filter>
    </ClInclude>
    <ClInclude Include="boxpp\memory\PooledObject.hpp">
      <Filter>boxpp\memory</Filter>
    </ClInclude>
    <ClInclude Include="boxpp\containers\Delegate.hpp">
      <Filter>boxpp\containers</Filter>
    </ClInclude>
    <ClInclude Include="boxpp\containers\DelegateBase.h">
      <Filter>boxpp\containers</Filter>
    </ClInclude>
    <ClInclude Include="boxpp\tuple\Tuple.hpp">
      <Filter>boxpp\tuple</Filter>
    </ClInclude>
  </ItemGroup>
  <ItemGroup>
    <None Include="boxpp\traits\BypassType.hpp">
      <Filter>boxpp\traits</Filter>
    </None>
  </ItemGroup>
</Project>